
Microsoft Visual Studio Solution File, Format Version 12.00
# Visual Studio Version 17
VisualStudioVersion = 17.2.32519.379
MinimumVisualStudioVersion = 10.0.40219.1
Project("{FAE04EC0-301F-11D3-BF4B-00C04F79EFBC}") = "Flowstate.Data.UnityOfWork", "src\Flowstate.Data.UnityOfWork\Flowstate.Data.UnityOfWork.csproj", "{FD87D96E-4E91-4FCA-BFCD-4A5606882CA0}"
EndProject
Project("{FAE04EC0-301F-11D3-BF4B-00C04F79EFBC}") = "Flowstate.Data.UnityOfWork.Tests.UnitTests", "tests\Flowstate.Data.UnityOfWork.Tests.UnitTests\Flowstate.Data.UnityOfWork.Tests.UnitTests.csproj", "{A19EFDC7-504A-4C91-BF04-844A71DC9CA6}"
EndProject
Global
	GlobalSection(SolutionConfigurationPlatforms) = preSolution
		Debug|Any CPU = Debug|Any CPU
		Release|Any CPU = Release|Any CPU
	EndGlobalSection
	GlobalSection(ProjectConfigurationPlatforms) = postSolution
		{FD87D96E-4E91-4FCA-BFCD-4A5606882CA0}.Debug|Any CPU.ActiveCfg = Debug|Any CPU
		{FD87D96E-4E91-4FCA-BFCD-4A5606882CA0}.Debug|Any CPU.Build.0 = Debug|Any CPU
		{FD87D96E-4E91-4FCA-BFCD-4A5606882CA0}.Release|Any CPU.ActiveCfg = Release|Any CPU
		{FD87D96E-4E91-4FCA-BFCD-4A5606882CA0}.Release|Any CPU.Build.0 = Release|Any CPU
		{A19EFDC7-504A-4C91-BF04-844A71DC9CA6}.Debug|Any CPU.ActiveCfg = Debug|Any CPU
		{A19EFDC7-504A-4C91-BF04-844A71DC9CA6}.Debug|Any CPU.Build.0 = Debug|Any CPU
		{A19EFDC7-504A-4C91-BF04-844A71DC9CA6}.Release|Any CPU.ActiveCfg = Release|Any CPU
		{A19EFDC7-504A-4C91-BF04-844A71DC9CA6}.Release|Any CPU.Build.0 = Release|Any CPU
	EndGlobalSection
	GlobalSection(SolutionProperties) = preSolution
		HideSolutionNode = FALSE
	EndGlobalSection
	GlobalSection(ExtensibilityGlobals) = postSolution
		SolutionGuid = {E2611DEE-99AC-45F5-A244-7E2C5838A07B}
	EndGlobalSection
EndGlobal
